
Microsoft Visual Studio Solution File, Format Version 12.00
# Visual Studio Version 17
VisualStudioVersion = 17.11.35303.130
MinimumVisualStudioVersion = 10.0.40219.1
Project("{FAE04EC0-301F-11D3-BF4B-00C04F79EFBC}") = "Lab1", "Lab1\Lab1.csproj", "{22D97A1F-26D3-49D9-9563-25BE6C22C1AA}"
EndProject
Global
	GlobalSection(SolutionConfigurationPlatforms) = preSolution
		Debug|Any CPU = Debug|Any CPU
		Release|Any CPU = Release|Any CPU
	EndGlobalSection
	GlobalSection(ProjectConfigurationPlatforms) = postSolution
		{22D97A1F-26D3-49D9-9563-25BE6C22C1AA}.Debug|Any CPU.ActiveCfg = Debug|Any CPU
		{22D97A1F-26D3-49D9-9563-25BE6C22C1AA}.Debug|Any CPU.Build.0 = Debug|Any CPU
		{22D97A1F-26D3-49D9-9563-25BE6C22C1AA}.Release|Any CPU.ActiveCfg = Release|Any CPU
		{22D97A1F-26D3-49D9-9563-25BE6C22C1AA}.Release|Any CPU.Build.0 = Release|Any CPU
	EndGlobalSection
	GlobalSection(SolutionProperties) = preSolution
		HideSolutionNode = FALSE
	EndGlobalSection
	GlobalSection(ExtensibilityGlobals) = postSolution
		SolutionGuid = {26FCA8AD-DD58-4CD6-8232-DAD55B6CA1A6}
	EndGlobalSection
EndGlobal
